// !$*UTF8*$!
{
	archiveVersion = 1;
	classes = {
	};
	objectVersion = 56;
	objects = {

/* Begin PBXBuildFile section */
		CBA4C1282C76A3360033BA20 /* Team_ManagerApp.swift in Sources */ = {isa = PBXBuildFile; fileRef = CBA4C1272C76A3360033BA20 /* Team_ManagerApp.swift */; };
		CBA4C12A2C76A3360033BA20 /* ContentView.swift in Sources */ = {isa = PBXBuildFile; fileRef = CBA4C1292C76A3360033BA20 /* ContentView.swift */; };
		CBA4C12C2C76A3390033BA20 /* Assets.xcassets in Resources */ = {isa = PBXBuildFile; fileRef = CBA4C12B2C76A3390033BA20 /* Assets.xcassets */; };
		CBA4C12F2C76A3390033BA20 /* Preview Assets.xcassets in Resources */ = {isa = PBXBuildFile; fileRef = CBA4C12E2C76A3390033BA20 /* Preview Assets.xcassets */; };
		CBA4C13B2C76A3FF0033BA20 /* AuthView.swift in Sources */ = {isa = PBXBuildFile; fileRef = CBA4C13A2C76A3FF0033BA20 /* AuthView.swift */; };
		CBA4C13E2C76A4280033BA20 /* FirebaseAnalytics in Frameworks */ = {isa = PBXBuildFile; productRef = CBA4C13D2C76A4280033BA20 /* FirebaseAnalytics */; };
		CBA4C1402C76A4280033BA20 /* FirebaseAuth in Frameworks */ = {isa = PBXBuildFile; productRef = CBA4C13F2C76A4280033BA20 /* FirebaseAuth */; };
		CBA4C1422C76A4500033BA20 /* AuthController.swift in Sources */ = {isa = PBXBuildFile; fileRef = CBA4C1412C76A4500033BA20 /* AuthController.swift */; };
		CBA4C1442C76A49E0033BA20 /* AppDelegate.swift in Sources */ = {isa = PBXBuildFile; fileRef = CBA4C1432C76A49E0033BA20 /* AppDelegate.swift */; };
		CBA4C1462C76A4C70033BA20 /* DashboardView.swift in Sources */ = {isa = PBXBuildFile; fileRef = CBA4C1452C76A4C60033BA20 /* DashboardView.swift */; };
		CBA4C14A2C76A5C30033BA20 /* GoogleService-Info.plist in Resources */ = {isa = PBXBuildFile; fileRef = CBA4C1492C76A5C30033BA20 /* GoogleService-Info.plist */; };
		CBA4C1542C77214C0033BA20 /* TeamMember.swift in Sources */ = {isa = PBXBuildFile; fileRef = CBA4C1532C77214C0033BA20 /* TeamMember.swift */; };
		CBA4C1582C7721C30033BA20 /* Message.swift in Sources */ = {isa = PBXBuildFile; fileRef = CBA4C1572C7721C30033BA20 /* Message.swift */; };
		CBA4C15A2C7721E80033BA20 /* Todo.swift in Sources */ = {isa = PBXBuildFile; fileRef = CBA4C1592C7721E80033BA20 /* Todo.swift */; };
		CBA4C15C2C7723DF0033BA20 /* FirebaseFirestore in Frameworks */ = {isa = PBXBuildFile; productRef = CBA4C15B2C7723DF0033BA20 /* FirebaseFirestore */; };
		CBA4C15F2C7725230033BA20 /* FirestoreService.swift in Sources */ = {isa = PBXBuildFile; fileRef = CBA4C15E2C7725230033BA20 /* FirestoreService.swift */; };
		CBA4C1612C7726E80033BA20 /* TeamController.swift in Sources */ = {isa = PBXBuildFile; fileRef = CBA4C1602C7726E80033BA20 /* TeamController.swift */; };
		CBA4C1632C7727220033BA20 /* TeamListView.swift in Sources */ = {isa = PBXBuildFile; fileRef = CBA4C1622C7727220033BA20 /* TeamListView.swift */; };
		CBA4C1662C77D31F0033BA20 /* Team.swift in Sources */ = {isa = PBXBuildFile; fileRef = CBA4C1652C77D31F0033BA20 /* Team.swift */; };
		CBBE7F3F2C77E8060099A627 /* PlayerView.swift in Sources */ = {isa = PBXBuildFile; fileRef = CBBE7F3E2C77E8060099A627 /* PlayerView.swift */; };
		CBBE7F412C77F2210099A627 /* AddPlayerView.swift in Sources */ = {isa = PBXBuildFile; fileRef = CBBE7F402C77F2210099A627 /* AddPlayerView.swift */; };
		CBBE7F432C7821570099A627 /* FirebaseStorage in Frameworks */ = {isa = PBXBuildFile; productRef = CBBE7F422C7821570099A627 /* FirebaseStorage */; };
		CBBE7F492C78249A0099A627 /* ProfileImageView.swift in Sources */ = {isa = PBXBuildFile; fileRef = CBBE7F482C78249A0099A627 /* ProfileImageView.swift */; };
		CBBE7F4B2C7824EE0099A627 /* ImagePicker.swift in Sources */ = {isa = PBXBuildFile; fileRef = CBBE7F4A2C7824EE0099A627 /* ImagePicker.swift */; };
		CBBE7F4E2C7826210099A627 /* ImageUtilities.swift in Sources */ = {isa = PBXBuildFile; fileRef = CBBE7F4D2C7826210099A627 /* ImageUtilities.swift */; };
		CBBE7F512C7827250099A627 /* ProfileController.swift in Sources */ = {isa = PBXBuildFile; fileRef = CBBE7F502C7827250099A627 /* ProfileController.swift */; };
		CBBE7F542C7827EA0099A627 /* FirebaseStorage.swift in Sources */ = {isa = PBXBuildFile; fileRef = CBBE7F532C7827EA0099A627 /* FirebaseStorage.swift */; };
		CBBE7F582C78286D0099A627 /* ProfileView.swift in Sources */ = {isa = PBXBuildFile; fileRef = CBBE7F572C78286D0099A627 /* ProfileView.swift */; };
		CBBE7F5A2C7870BA0099A627 /* BottomNavigationView.swift in Sources */ = {isa = PBXBuildFile; fileRef = CBBE7F592C7870BA0099A627 /* BottomNavigationView.swift */; };
		CBBE7F682C7D22360099A627 /* SignUpView.swift in Sources */ = {isa = PBXBuildFile; fileRef = CBBE7F672C7D22360099A627 /* SignUpView.swift */; };
		CBBE7F6A2C7D28D40099A627 /* EditProfileView.swift in Sources */ = {isa = PBXBuildFile; fileRef = CBBE7F692C7D28D40099A627 /* EditProfileView.swift */; };
		CBBE7F702C7D59300099A627 /* TeamSectionView.swift in Sources */ = {isa = PBXBuildFile; fileRef = CBBE7F6F2C7D59300099A627 /* TeamSectionView.swift */; };
		CBBE7F722C7D5AC00099A627 /* ScheduleView.swift in Sources */ = {isa = PBXBuildFile; fileRef = CBBE7F712C7D5AC00099A627 /* ScheduleView.swift */; };
		CBBE7F742C7D5B750099A627 /* ScheduleViewModel.swift in Sources */ = {isa = PBXBuildFile; fileRef = CBBE7F732C7D5B750099A627 /* ScheduleViewModel.swift */; };
		CBBE7F762C7DA9940099A627 /* CreateOrJoinTeamView.swift in Sources */ = {isa = PBXBuildFile; fileRef = CBBE7F752C7DA9940099A627 /* CreateOrJoinTeamView.swift */; };
		CBBE7F782C7DA9E20099A627 /* CreateOrJoinTeamViewModel.swift in Sources */ = {isa = PBXBuildFile; fileRef = CBBE7F772C7DA9E20099A627 /* CreateOrJoinTeamViewModel.swift */; };
		CBBE7F7A2C7DB3520099A627 /* CreateTeamView.swift in Sources */ = {isa = PBXBuildFile; fileRef = CBBE7F792C7DB3520099A627 /* CreateTeamView.swift */; };
		CBBE7F7C2C7DB3640099A627 /* JoinTeamView.swift in Sources */ = {isa = PBXBuildFile; fileRef = CBBE7F7B2C7DB3640099A627 /* JoinTeamView.swift */; };
		CBBE7F7E2C7DB54D0099A627 /* SelectedTeamManager.swift in Sources */ = {isa = PBXBuildFile; fileRef = CBBE7F7D2C7DB54D0099A627 /* SelectedTeamManager.swift */; };
		CBBE7F842C7F01300099A627 /* ScheduleItem.swift in Sources */ = {isa = PBXBuildFile; fileRef = CBBE7F832C7F01300099A627 /* ScheduleItem.swift */; };
		CBBE7F862C7F01A50099A627 /* AddScheduleItemView.swift in Sources */ = {isa = PBXBuildFile; fileRef = CBBE7F852C7F01A50099A627 /* AddScheduleItemView.swift */; };
		CBBE7F8A2C7FCD130099A627 /* TeamDropdownMenuView.swift in Sources */ = {isa = PBXBuildFile; fileRef = CBBE7F892C7FCD130099A627 /* TeamDropdownMenuView.swift */; };
		CBBE7F8D2C7FD2C40099A627 /* ScheduleItemCardView.swift in Sources */ = {isa = PBXBuildFile; fileRef = CBBE7F8C2C7FD2C40099A627 /* ScheduleItemCardView.swift */; };
		CBBE7F8F2C7FDC3B0099A627 /* ScheduleItemDetailView.swift in Sources */ = {isa = PBXBuildFile; fileRef = CBBE7F8E2C7FDC3B0099A627 /* ScheduleItemDetailView.swift */; };
		CBBE7F912C7FDF3B0099A627 /* CalendarView.swift in Sources */ = {isa = PBXBuildFile; fileRef = CBBE7F902C7FDF3B0099A627 /* CalendarView.swift */; };
		CBBE7F932C7FDF520099A627 /* CalendarDayView.swift in Sources */ = {isa = PBXBuildFile; fileRef = CBBE7F922C7FDF520099A627 /* CalendarDayView.swift */; };
/* End PBXBuildFile section */

/* Begin PBXContainerItemProxy section */
		CBA4C1732C77E3920033BA20 /* PBXContainerItemProxy */ = {
			isa = PBXContainerItemProxy;
			containerPortal = CBA4C11C2C76A3360033BA20 /* Project object */;
			proxyType = 1;
			remoteGlobalIDString = CBA4C1232C76A3360033BA20;
			remoteInfo = "Team Manager";
		};
/* End PBXContainerItemProxy section */

/* Begin PBXFileReference section */
		CBA4C1242C76A3360033BA20 /* Team Manager.app */ = {isa = PBXFileReference; explicitFileType = wrapper.application; includeInIndex = 0; path = "Team Manager.app"; sourceTree = BUILT_PRODUCTS_DIR; };
		CBA4C1272C76A3360033BA20 /* Team_ManagerApp.swift */ = {isa = PBXFileReference; lastKnownFileType = sourcecode.swift; path = Team_ManagerApp.swift; sourceTree = "<group>"; };
		CBA4C1292C76A3360033BA20 /* ContentView.swift */ = {isa = PBXFileReference; lastKnownFileType = sourcecode.swift; path = ContentView.swift; sourceTree = "<group>"; };
		CBA4C12B2C76A3390033BA20 /* Assets.xcassets */ = {isa = PBXFileReference; lastKnownFileType = folder.assetcatalog; path = Assets.xcassets; sourceTree = "<group>"; };
		CBA4C12E2C76A3390033BA20 /* Preview Assets.xcassets */ = {isa = PBXFileReference; lastKnownFileType = folder.assetcatalog; path = "Preview Assets.xcassets"; sourceTree = "<group>"; };
		CBA4C13A2C76A3FF0033BA20 /* AuthView.swift */ = {isa = PBXFileReference; lastKnownFileType = sourcecode.swift; path = AuthView.swift; sourceTree = "<group>"; };
		CBA4C1412C76A4500033BA20 /* AuthController.swift */ = {isa = PBXFileReference; lastKnownFileType = sourcecode.swift; path = AuthController.swift; sourceTree = "<group>"; };
		CBA4C1432C76A49E0033BA20 /* AppDelegate.swift */ = {isa = PBXFileReference; lastKnownFileType = sourcecode.swift; path = AppDelegate.swift; sourceTree = "<group>"; };
		CBA4C1452C76A4C60033BA20 /* DashboardView.swift */ = {isa = PBXFileReference; lastKnownFileType = sourcecode.swift; path = DashboardView.swift; sourceTree = "<group>"; };
		CBA4C1492C76A5C30033BA20 /* GoogleService-Info.plist */ = {isa = PBXFileReference; fileEncoding = 4; lastKnownFileType = text.plist.xml; path = "GoogleService-Info.plist"; sourceTree = "<group>"; };
		CBA4C1532C77214C0033BA20 /* TeamMember.swift */ = {isa = PBXFileReference; lastKnownFileType = sourcecode.swift; path = TeamMember.swift; sourceTree = "<group>"; };
		CBA4C1572C7721C30033BA20 /* Message.swift */ = {isa = PBXFileReference; lastKnownFileType = sourcecode.swift; path = Message.swift; sourceTree = "<group>"; };
		CBA4C1592C7721E80033BA20 /* Todo.swift */ = {isa = PBXFileReference; lastKnownFileType = sourcecode.swift; path = Todo.swift; sourceTree = "<group>"; };
		CBA4C15E2C7725230033BA20 /* FirestoreService.swift */ = {isa = PBXFileReference; lastKnownFileType = sourcecode.swift; path = FirestoreService.swift; sourceTree = "<group>"; };
		CBA4C1602C7726E80033BA20 /* TeamController.swift */ = {isa = PBXFileReference; lastKnownFileType = sourcecode.swift; path = TeamController.swift; sourceTree = "<group>"; };
		CBA4C1622C7727220033BA20 /* TeamListView.swift */ = {isa = PBXFileReference; lastKnownFileType = sourcecode.swift; path = TeamListView.swift; sourceTree = "<group>"; };
		CBA4C1652C77D31F0033BA20 /* Team.swift */ = {isa = PBXFileReference; lastKnownFileType = sourcecode.swift; path = Team.swift; sourceTree = "<group>"; };
		CBA4C16F2C77E3920033BA20 /* playerTests.xctest */ = {isa = PBXFileReference; explicitFileType = wrapper.cfbundle; includeInIndex = 0; path = playerTests.xctest; sourceTree = BUILT_PRODUCTS_DIR; };
		CBBE7F3E2C77E8060099A627 /* PlayerView.swift */ = {isa = PBXFileReference; lastKnownFileType = sourcecode.swift; path = PlayerView.swift; sourceTree = "<group>"; };
		CBBE7F402C77F2210099A627 /* AddPlayerView.swift */ = {isa = PBXFileReference; lastKnownFileType = sourcecode.swift; path = AddPlayerView.swift; sourceTree = "<group>"; };
		CBBE7F482C78249A0099A627 /* ProfileImageView.swift */ = {isa = PBXFileReference; lastKnownFileType = sourcecode.swift; path = ProfileImageView.swift; sourceTree = "<group>"; };
		CBBE7F4A2C7824EE0099A627 /* ImagePicker.swift */ = {isa = PBXFileReference; lastKnownFileType = sourcecode.swift; path = ImagePicker.swift; sourceTree = "<group>"; };
		CBBE7F4D2C7826210099A627 /* ImageUtilities.swift */ = {isa = PBXFileReference; lastKnownFileType = sourcecode.swift; path = ImageUtilities.swift; sourceTree = "<group>"; };
		CBBE7F502C7827250099A627 /* ProfileController.swift */ = {isa = PBXFileReference; lastKnownFileType = sourcecode.swift; path = ProfileController.swift; sourceTree = "<group>"; };
		CBBE7F532C7827EA0099A627 /* FirebaseStorage.swift */ = {isa = PBXFileReference; lastKnownFileType = sourcecode.swift; path = FirebaseStorage.swift; sourceTree = "<group>"; };
		CBBE7F572C78286D0099A627 /* ProfileView.swift */ = {isa = PBXFileReference; lastKnownFileType = sourcecode.swift; path = ProfileView.swift; sourceTree = "<group>"; };
		CBBE7F592C7870BA0099A627 /* BottomNavigationView.swift */ = {isa = PBXFileReference; lastKnownFileType = sourcecode.swift; path = BottomNavigationView.swift; sourceTree = "<group>"; };
		CBBE7F672C7D22360099A627 /* SignUpView.swift */ = {isa = PBXFileReference; lastKnownFileType = sourcecode.swift; path = SignUpView.swift; sourceTree = "<group>"; };
		CBBE7F692C7D28D40099A627 /* EditProfileView.swift */ = {isa = PBXFileReference; lastKnownFileType = sourcecode.swift; path = EditProfileView.swift; sourceTree = "<group>"; };
		CBBE7F6F2C7D59300099A627 /* TeamSectionView.swift */ = {isa = PBXFileReference; lastKnownFileType = sourcecode.swift; path = TeamSectionView.swift; sourceTree = "<group>"; };
		CBBE7F712C7D5AC00099A627 /* ScheduleView.swift */ = {isa = PBXFileReference; lastKnownFileType = sourcecode.swift; path = ScheduleView.swift; sourceTree = "<group>"; };
		CBBE7F732C7D5B750099A627 /* ScheduleViewModel.swift */ = {isa = PBXFileReference; lastKnownFileType = sourcecode.swift; path = ScheduleViewModel.swift; sourceTree = "<group>"; };
		CBBE7F752C7DA9940099A627 /* CreateOrJoinTeamView.swift */ = {isa = PBXFileReference; lastKnownFileType = sourcecode.swift; path = CreateOrJoinTeamView.swift; sourceTree = "<group>"; };
		CBBE7F772C7DA9E20099A627 /* CreateOrJoinTeamViewModel.swift */ = {isa = PBXFileReference; lastKnownFileType = sourcecode.swift; path = CreateOrJoinTeamViewModel.swift; sourceTree = "<group>"; };
		CBBE7F792C7DB3520099A627 /* CreateTeamView.swift */ = {isa = PBXFileReference; lastKnownFileType = sourcecode.swift; path = CreateTeamView.swift; sourceTree = "<group>"; };
		CBBE7F7B2C7DB3640099A627 /* JoinTeamView.swift */ = {isa = PBXFileReference; lastKnownFileType = sourcecode.swift; path = JoinTeamView.swift; sourceTree = "<group>"; };
		CBBE7F7D2C7DB54D0099A627 /* SelectedTeamManager.swift */ = {isa = PBXFileReference; lastKnownFileType = sourcecode.swift; path = SelectedTeamManager.swift; sourceTree = "<group>"; };
		CBBE7F832C7F01300099A627 /* ScheduleItem.swift */ = {isa = PBXFileReference; lastKnownFileType = sourcecode.swift; path = ScheduleItem.swift; sourceTree = "<group>"; };
		CBBE7F852C7F01A50099A627 /* AddScheduleItemView.swift */ = {isa = PBXFileReference; lastKnownFileType = sourcecode.swift; path = AddScheduleItemView.swift; sourceTree = "<group>"; };
		CBBE7F892C7FCD130099A627 /* TeamDropdownMenuView.swift */ = {isa = PBXFileReference; lastKnownFileType = sourcecode.swift; path = TeamDropdownMenuView.swift; sourceTree = "<group>"; };
		CBBE7F8C2C7FD2C40099A627 /* ScheduleItemCardView.swift */ = {isa = PBXFileReference; lastKnownFileType = sourcecode.swift; path = ScheduleItemCardView.swift; sourceTree = "<group>"; };
		CBBE7F8E2C7FDC3B0099A627 /* ScheduleItemDetailView.swift */ = {isa = PBXFileReference; lastKnownFileType = sourcecode.swift; path = ScheduleItemDetailView.swift; sourceTree = "<group>"; };
		CBBE7F902C7FDF3B0099A627 /* CalendarView.swift */ = {isa = PBXFileReference; lastKnownFileType = sourcecode.swift; path = CalendarView.swift; sourceTree = "<group>"; };
		CBBE7F922C7FDF520099A627 /* CalendarDayView.swift */ = {isa = PBXFileReference; lastKnownFileType = sourcecode.swift; path = CalendarDayView.swift; sourceTree = "<group>"; };
/* End PBXFileReference section */

/* Begin PBXFrameworksBuildPhase section */
		CBA4C1212C76A3360033BA20 /* Frameworks */ = {
			isa = PBXFrameworksBuildPhase;
			buildActionMask = 2147483647;
			files = (
				CBA4C13E2C76A4280033BA20 /* FirebaseAnalytics in Frameworks */,
				CBBE7F432C7821570099A627 /* FirebaseStorage in Frameworks */,
				CBA4C1402C76A4280033BA20 /* FirebaseAuth in Frameworks */,
				CBA4C15C2C7723DF0033BA20 /* FirebaseFirestore in Frameworks */,
			);
			runOnlyForDeploymentPostprocessing = 0;
		};
		CBA4C16C2C77E3920033BA20 /* Frameworks */ = {
			isa = PBXFrameworksBuildPhase;
			buildActionMask = 2147483647;
			files = (
			);
			runOnlyForDeploymentPostprocessing = 0;
		};
/* End PBXFrameworksBuildPhase section */

/* Begin PBXGroup section */
		CBA4C11B2C76A3360033BA20 = {
			isa = PBXGroup;
			children = (
				CBA4C1262C76A3360033BA20 /* Team Manager */,
				CBA4C1702C77E3920033BA20 /* playerTests */,
				CBA4C1252C76A3360033BA20 /* Products */,
			);
			sourceTree = "<group>";
		};
		CBA4C1252C76A3360033BA20 /* Products */ = {
			isa = PBXGroup;
			children = (
				CBA4C1242C76A3360033BA20 /* Team Manager.app */,
				CBA4C16F2C77E3920033BA20 /* playerTests.xctest */,
			);
			name = Products;
			sourceTree = "<group>";
		};
		CBA4C1262C76A3360033BA20 /* Team Manager */ = {
			isa = PBXGroup;
			children = (
				CBBE7F4C2C78260D0099A627 /* Utilities */,
				CBA4C15D2C77250E0033BA20 /* Services */,
				CBA4C1372C76A3D90033BA20 /* Models */,
				CBA4C1362C76A3CC0033BA20 /* ViewModels */,
				CBA4C1352C76A3C70033BA20 /* Views */,
				CBA4C1272C76A3360033BA20 /* Team_ManagerApp.swift */,
				CBA4C1292C76A3360033BA20 /* ContentView.swift */,
				CBA4C1432C76A49E0033BA20 /* AppDelegate.swift */,
				CBA4C12B2C76A3390033BA20 /* Assets.xcassets */,
				CBA4C1492C76A5C30033BA20 /* GoogleService-Info.plist */,
				CBA4C12D2C76A3390033BA20 /* Preview Content */,
			);
			path = "Team Manager";
			sourceTree = "<group>";
		};
		CBA4C12D2C76A3390033BA20 /* Preview Content */ = {
			isa = PBXGroup;
			children = (
				CBA4C12E2C76A3390033BA20 /* Preview Assets.xcassets */,
			);
			path = "Preview Content";
			sourceTree = "<group>";
		};
		CBA4C1352C76A3C70033BA20 /* Views */ = {
			isa = PBXGroup;
			children = (
				CBBE7F8B2C7FD0F90099A627 /* Schedule */,
				CBBE7F6B2C7D49F50099A627 /* Profile */,
				CBBE7F3D2C77E7EA0099A627 /* Roster */,
				CBA4C1392C76A3F20033BA20 /* Authentication */,
				CBA4C1382C76A3EB0033BA20 /* Dashboard */,
				CBBE7F592C7870BA0099A627 /* BottomNavigationView.swift */,
			);
			path = Views;
			sourceTree = "<group>";
		};
		CBA4C1362C76A3CC0033BA20 /* ViewModels */ = {
			isa = PBXGroup;
			children = (
				CBBE7F772C7DA9E20099A627 /* CreateOrJoinTeamViewModel.swift */,
				CBA4C1412C76A4500033BA20 /* AuthController.swift */,
				CBA4C1602C7726E80033BA20 /* TeamController.swift */,
				CBBE7F502C7827250099A627 /* ProfileController.swift */,
				CBBE7F732C7D5B750099A627 /* ScheduleViewModel.swift */,
			);
			path = ViewModels;
			sourceTree = "<group>";
		};
		CBA4C1372C76A3D90033BA20 /* Models */ = {
			isa = PBXGroup;
			children = (
				CBA4C1532C77214C0033BA20 /* TeamMember.swift */,
				CBA4C1572C7721C30033BA20 /* Message.swift */,
				CBA4C1592C7721E80033BA20 /* Todo.swift */,
				CBA4C1652C77D31F0033BA20 /* Team.swift */,
				CBBE7F832C7F01300099A627 /* ScheduleItem.swift */,
			);
			path = Models;
			sourceTree = "<group>";
		};
		CBA4C1382C76A3EB0033BA20 /* Dashboard */ = {
			isa = PBXGroup;
			children = (
				CBA4C1452C76A4C60033BA20 /* DashboardView.swift */,
				CBBE7F792C7DB3520099A627 /* CreateTeamView.swift */,
				CBBE7F7B2C7DB3640099A627 /* JoinTeamView.swift */,
				CBBE7F892C7FCD130099A627 /* TeamDropdownMenuView.swift */,
			);
			path = Dashboard;
			sourceTree = "<group>";
		};
		CBA4C1392C76A3F20033BA20 /* Authentication */ = {
			isa = PBXGroup;
			children = (
				CBA4C13A2C76A3FF0033BA20 /* AuthView.swift */,
				CBBE7F672C7D22360099A627 /* SignUpView.swift */,
			);
			path = Authentication;
			sourceTree = "<group>";
		};
		CBA4C15D2C77250E0033BA20 /* Services */ = {
			isa = PBXGroup;
			children = (
				CBA4C15E2C7725230033BA20 /* FirestoreService.swift */,
				CBBE7F532C7827EA0099A627 /* FirebaseStorage.swift */,
			);
			path = Services;
			sourceTree = "<group>";
		};
		CBA4C1702C77E3920033BA20 /* playerTests */ = {
			isa = PBXGroup;
			children = (
			);
			path = playerTests;
			sourceTree = "<group>";
		};
		CBBE7F3D2C77E7EA0099A627 /* Roster */ = {
			isa = PBXGroup;
			children = (
				CBA4C1622C7727220033BA20 /* TeamListView.swift */,
				CBBE7F3E2C77E8060099A627 /* PlayerView.swift */,
				CBBE7F402C77F2210099A627 /* AddPlayerView.swift */,
				CBBE7F6F2C7D59300099A627 /* TeamSectionView.swift */,
				CBBE7F752C7DA9940099A627 /* CreateOrJoinTeamView.swift */,
			);
			path = Roster;
			sourceTree = "<group>";
		};
		CBBE7F4C2C78260D0099A627 /* Utilities */ = {
			isa = PBXGroup;
			children = (
				CBBE7F4D2C7826210099A627 /* ImageUtilities.swift */,
				CBBE7F7D2C7DB54D0099A627 /* SelectedTeamManager.swift */,
			);
			path = Utilities;
			sourceTree = "<group>";
		};
		CBBE7F6B2C7D49F50099A627 /* Profile */ = {
			isa = PBXGroup;
			children = (
				CBBE7F572C78286D0099A627 /* ProfileView.swift */,
				CBBE7F692C7D28D40099A627 /* EditProfileView.swift */,
				CBBE7F4A2C7824EE0099A627 /* ImagePicker.swift */,
				CBBE7F482C78249A0099A627 /* ProfileImageView.swift */,
			);
			path = Profile;
			sourceTree = "<group>";
		};
		CBBE7F8B2C7FD0F90099A627 /* Schedule */ = {
			isa = PBXGroup;
			children = (
				CBBE7F712C7D5AC00099A627 /* ScheduleView.swift */,
				CBBE7F852C7F01A50099A627 /* AddScheduleItemView.swift */,
				CBBE7F8C2C7FD2C40099A627 /* ScheduleItemCardView.swift */,
				CBBE7F8E2C7FDC3B0099A627 /* ScheduleItemDetailView.swift */,
				CBBE7F902C7FDF3B0099A627 /* CalendarView.swift */,
				CBBE7F922C7FDF520099A627 /* CalendarDayView.swift */,
			);
			path = Schedule;
			sourceTree = "<group>";
		};
/* End PBXGroup section */

/* Begin PBXNativeTarget section */
		CBA4C1232C76A3360033BA20 /* Team Manager */ = {
			isa = PBXNativeTarget;
			buildConfigurationList = CBA4C1322C76A3390033BA20 /* Build configuration list for PBXNativeTarget "Team Manager" */;
			buildPhases = (
				CBA4C1202C76A3360033BA20 /* Sources */,
				CBA4C1212C76A3360033BA20 /* Frameworks */,
				CBA4C1222C76A3360033BA20 /* Resources */,
			);
			buildRules = (
			);
			dependencies = (
			);
			name = "Team Manager";
			packageProductDependencies = (
				CBA4C13D2C76A4280033BA20 /* FirebaseAnalytics */,
				CBA4C13F2C76A4280033BA20 /* FirebaseAuth */,
				CBA4C15B2C7723DF0033BA20 /* FirebaseFirestore */,
				CBBE7F422C7821570099A627 /* FirebaseStorage */,
			);
			productName = "Team Manager";
			productReference = CBA4C1242C76A3360033BA20 /* Team Manager.app */;
			productType = "com.apple.product-type.application";
		};
		CBA4C16E2C77E3920033BA20 /* playerTests */ = {
			isa = PBXNativeTarget;
			buildConfigurationList = CBA4C1752C77E3920033BA20 /* Build configuration list for PBXNativeTarget "playerTests" */;
			buildPhases = (
				CBA4C16B2C77E3920033BA20 /* Sources */,
				CBA4C16C2C77E3920033BA20 /* Frameworks */,
				CBA4C16D2C77E3920033BA20 /* Resources */,
			);
			buildRules = (
			);
			dependencies = (
				CBA4C1742C77E3920033BA20 /* PBXTargetDependency */,
			);
			name = playerTests;
			productName = playerTests;
			productReference = CBA4C16F2C77E3920033BA20 /* playerTests.xctest */;
			productType = "com.apple.product-type.bundle.unit-test";
		};
/* End PBXNativeTarget section */

/* Begin PBXProject section */
		CBA4C11C2C76A3360033BA20 /* Project object */ = {
			isa = PBXProject;
			attributes = {
				BuildIndependentTargetsInParallel = 1;
				LastSwiftUpdateCheck = 1530;
				LastUpgradeCheck = 1530;
				TargetAttributes = {
					CBA4C1232C76A3360033BA20 = {
						CreatedOnToolsVersion = 15.3;
					};
					CBA4C16E2C77E3920033BA20 = {
						CreatedOnToolsVersion = 15.3;
						TestTargetID = CBA4C1232C76A3360033BA20;
					};
				};
			};
			buildConfigurationList = CBA4C11F2C76A3360033BA20 /* Build configuration list for PBXProject "Team Manager" */;
			compatibilityVersion = "Xcode 14.0";
			developmentRegion = en;
			hasScannedForEncodings = 0;
			knownRegions = (
				en,
				Base,
			);
			mainGroup = CBA4C11B2C76A3360033BA20;
			packageReferences = (
				CBA4C13C2C76A4280033BA20 /* XCRemoteSwiftPackageReference "firebase-ios-sdk" */,
			);
			productRefGroup = CBA4C1252C76A3360033BA20 /* Products */;
			projectDirPath = "";
			projectRoot = "";
			targets = (
				CBA4C1232C76A3360033BA20 /* Team Manager */,
				CBA4C16E2C77E3920033BA20 /* playerTests */,
			);
		};
/* End PBXProject section */

/* Begin PBXResourcesBuildPhase section */
		CBA4C1222C76A3360033BA20 /* Resources */ = {
			isa = PBXResourcesBuildPhase;
			buildActionMask = 2147483647;
			files = (
				CBA4C12F2C76A3390033BA20 /* Preview Assets.xcassets in Resources */,
				CBA4C12C2C76A3390033BA20 /* Assets.xcassets in Resources */,
				CBA4C14A2C76A5C30033BA20 /* GoogleService-Info.plist in Resources */,
			);
			runOnlyForDeploymentPostprocessing = 0;
		};
		CBA4C16D2C77E3920033BA20 /* Resources */ = {
			isa = PBXResourcesBuildPhase;
			buildActionMask = 2147483647;
			files = (
			);
			runOnlyForDeploymentPostprocessing = 0;
		};
/* End PBXResourcesBuildPhase section */

/* Begin PBXSourcesBuildPhase section */
		CBA4C1202C76A3360033BA20 /* Sources */ = {
			isa = PBXSourcesBuildPhase;
			buildActionMask = 2147483647;
			files = (
				CBBE7F7E2C7DB54D0099A627 /* SelectedTeamManager.swift in Sources */,
				CBBE7F8F2C7FDC3B0099A627 /* ScheduleItemDetailView.swift in Sources */,
				CBA4C1632C7727220033BA20 /* TeamListView.swift in Sources */,
				CBBE7F4E2C7826210099A627 /* ImageUtilities.swift in Sources */,
				CBBE7F742C7D5B750099A627 /* ScheduleViewModel.swift in Sources */,
				CBA4C1662C77D31F0033BA20 /* Team.swift in Sources */,
				CBBE7F3F2C77E8060099A627 /* PlayerView.swift in Sources */,
				CBBE7F5A2C7870BA0099A627 /* BottomNavigationView.swift in Sources */,
				CBA4C12A2C76A3360033BA20 /* ContentView.swift in Sources */,
				CBBE7F782C7DA9E20099A627 /* CreateOrJoinTeamViewModel.swift in Sources */,
				CBBE7F542C7827EA0099A627 /* FirebaseStorage.swift in Sources */,
				CBBE7F762C7DA9940099A627 /* CreateOrJoinTeamView.swift in Sources */,
				CBBE7F912C7FDF3B0099A627 /* CalendarView.swift in Sources */,
				CBA4C15A2C7721E80033BA20 /* Todo.swift in Sources */,
				CBA4C1462C76A4C70033BA20 /* DashboardView.swift in Sources */,
				CBBE7F4B2C7824EE0099A627 /* ImagePicker.swift in Sources */,
				CBA4C1582C7721C30033BA20 /* Message.swift in Sources */,
				CBA4C1422C76A4500033BA20 /* AuthController.swift in Sources */,
				CBBE7F702C7D59300099A627 /* TeamSectionView.swift in Sources */,
				CBBE7F722C7D5AC00099A627 /* ScheduleView.swift in Sources */,
				CBA4C1282C76A3360033BA20 /* Team_ManagerApp.swift in Sources */,
				CBA4C15F2C7725230033BA20 /* FirestoreService.swift in Sources */,
				CBBE7F682C7D22360099A627 /* SignUpView.swift in Sources */,
				CBBE7F512C7827250099A627 /* ProfileController.swift in Sources */,
				CBBE7F862C7F01A50099A627 /* AddScheduleItemView.swift in Sources */,
				CBBE7F8A2C7FCD130099A627 /* TeamDropdownMenuView.swift in Sources */,
				CBA4C1542C77214C0033BA20 /* TeamMember.swift in Sources */,
				CBBE7F932C7FDF520099A627 /* CalendarDayView.swift in Sources */,
				CBBE7F582C78286D0099A627 /* ProfileView.swift in Sources */,
				CBBE7F8D2C7FD2C40099A627 /* ScheduleItemCardView.swift in Sources */,
				CBBE7F7A2C7DB3520099A627 /* CreateTeamView.swift in Sources */,
				CBBE7F492C78249A0099A627 /* ProfileImageView.swift in Sources */,
				CBA4C1442C76A49E0033BA20 /* AppDelegate.swift in Sources */,
				CBA4C1612C7726E80033BA20 /* TeamController.swift in Sources */,
				CBA4C13B2C76A3FF0033BA20 /* AuthView.swift in Sources */,
				CBBE7F6A2C7D28D40099A627 /* EditProfileView.swift in Sources */,
				CBBE7F842C7F01300099A627 /* ScheduleItem.swift in Sources */,
				CBBE7F412C77F2210099A627 /* AddPlayerView.swift in Sources */,
				CBBE7F7C2C7DB3640099A627 /* JoinTeamView.swift in Sources */,
			);
			runOnlyForDeploymentPostprocessing = 0;
		};
		CBA4C16B2C77E3920033BA20 /* Sources */ = {
			isa = PBXSourcesBuildPhase;
			buildActionMask = 2147483647;
			files = (
			);
			runOnlyForDeploymentPostprocessing = 0;
		};
/* End PBXSourcesBuildPhase section */

/* Begin PBXTargetDependency section */
		CBA4C1742C77E3920033BA20 /* PBXTargetDependency */ = {
			isa = PBXTargetDependency;
			target = CBA4C1232C76A3360033BA20 /* Team Manager */;
			targetProxy = CBA4C1732C77E3920033BA20 /* PBXContainerItemProxy */;
		};
/* End PBXTargetDependency section */

/* Begin XCBuildConfiguration section */
		CBA4C1302C76A3390033BA20 /* Debug */ = {
			isa = XCBuildConfiguration;
			buildSettings = {
				ALWAYS_SEARCH_USER_PATHS = NO;
				ASSETCATALOG_COMPILER_GENERATE_SWIFT_ASSET_SYMBOL_EXTENSIONS = YES;
				CLANG_ANALYZER_NONNULL = YES;
				CLANG_ANALYZER_NUMBER_OBJECT_CONVERSION = YES_AGGRESSIVE;
				CLANG_CXX_LANGUAGE_STANDARD = "gnu++20";
				CLANG_ENABLE_MODULES = YES;
				CLANG_ENABLE_OBJC_ARC = YES;
				CLANG_ENABLE_OBJC_WEAK = YES;
				CLANG_WARN_BLOCK_CAPTURE_AUTORELEASING = YES;
				CLANG_WARN_BOOL_CONVERSION = YES;
				CLANG_WARN_COMMA = YES;
				CLANG_WARN_CONSTANT_CONVERSION = YES;
				CLANG_WARN_DEPRECATED_OBJC_IMPLEMENTATIONS = YES;
				CLANG_WARN_DIRECT_OBJC_ISA_USAGE = YES_ERROR;
				CLANG_WARN_DOCUMENTATION_COMMENTS = YES;
				CLANG_WARN_EMPTY_BODY = YES;
				CLANG_WARN_ENUM_CONVERSION = YES;
				CLANG_WARN_INFINITE_RECURSION = YES;
				CLANG_WARN_INT_CONVERSION = YES;
				CLANG_WARN_NON_LITERAL_NULL_CONVERSION = YES;
				CLANG_WARN_OBJC_IMPLICIT_RETAIN_SELF = YES;
				CLANG_WARN_OBJC_LITERAL_CONVERSION = YES;
				CLANG_WARN_OBJC_ROOT_CLASS = YES_ERROR;
				CLANG_WARN_QUOTED_INCLUDE_IN_FRAMEWORK_HEADER = YES;
				CLANG_WARN_RANGE_LOOP_ANALYSIS = YES;
				CLANG_WARN_STRICT_PROTOTYPES = YES;
				CLANG_WARN_SUSPICIOUS_MOVE = YES;
				CLANG_WARN_UNGUARDED_AVAILABILITY = YES_AGGRESSIVE;
				CLANG_WARN_UNREACHABLE_CODE = YES;
				CLANG_WARN__DUPLICATE_METHOD_MATCH = YES;
				COPY_PHASE_STRIP = NO;
				DEBUG_INFORMATION_FORMAT = dwarf;
				ENABLE_STRICT_OBJC_MSGSEND = YES;
				ENABLE_TESTABILITY = YES;
				ENABLE_USER_SCRIPT_SANDBOXING = YES;
				GCC_C_LANGUAGE_STANDARD = gnu17;
				GCC_DYNAMIC_NO_PIC = NO;
				GCC_NO_COMMON_BLOCKS = YES;
				GCC_OPTIMIZATION_LEVEL = 0;
				GCC_PREPROCESSOR_DEFINITIONS = (
					"DEBUG=1",
					"$(inherited)",
				);
				GCC_WARN_64_TO_32_BIT_CONVERSION = YES;
				GCC_WARN_ABOUT_RETURN_TYPE = YES_ERROR;
				GCC_WARN_UNDECLARED_SELECTOR = YES;
				GCC_WARN_UNINITIALIZED_AUTOS = YES_AGGRESSIVE;
				GCC_WARN_UNUSED_FUNCTION = YES;
				GCC_WARN_UNUSED_VARIABLE = YES;
				IPHONEOS_DEPLOYMENT_TARGET = 17.4;
				LOCALIZATION_PREFERS_STRING_CATALOGS = YES;
				MTL_ENABLE_DEBUG_INFO = INCLUDE_SOURCE;
				MTL_FAST_MATH = YES;
				ONLY_ACTIVE_ARCH = YES;
				SDKROOT = iphoneos;
				SWIFT_ACTIVE_COMPILATION_CONDITIONS = "DEBUG $(inherited)";
				SWIFT_OPTIMIZATION_LEVEL = "-Onone";
			};
			name = Debug;
		};
		CBA4C1312C76A3390033BA20 /* Release */ = {
			isa = XCBuildConfiguration;
			buildSettings = {
				ALWAYS_SEARCH_USER_PATHS = NO;
				ASSETCATALOG_COMPILER_GENERATE_SWIFT_ASSET_SYMBOL_EXTENSIONS = YES;
				CLANG_ANALYZER_NONNULL = YES;
				CLANG_ANALYZER_NUMBER_OBJECT_CONVERSION = YES_AGGRESSIVE;
				CLANG_CXX_LANGUAGE_STANDARD = "gnu++20";
				CLANG_ENABLE_MODULES = YES;
				CLANG_ENABLE_OBJC_ARC = YES;
				CLANG_ENABLE_OBJC_WEAK = YES;
				CLANG_WARN_BLOCK_CAPTURE_AUTORELEASING = YES;
				CLANG_WARN_BOOL_CONVERSION = YES;
				CLANG_WARN_COMMA = YES;
				CLANG_WARN_CONSTANT_CONVERSION = YES;
				CLANG_WARN_DEPRECATED_OBJC_IMPLEMENTATIONS = YES;
				CLANG_WARN_DIRECT_OBJC_ISA_USAGE = YES_ERROR;
				CLANG_WARN_DOCUMENTATION_COMMENTS = YES;
				CLANG_WARN_EMPTY_BODY = YES;
				CLANG_WARN_ENUM_CONVERSION = YES;
				CLANG_WARN_INFINITE_RECURSION = YES;
				CLANG_WARN_INT_CONVERSION = YES;
				CLANG_WARN_NON_LITERAL_NULL_CONVERSION = YES;
				CLANG_WARN_OBJC_IMPLICIT_RETAIN_SELF = YES;
				CLANG_WARN_OBJC_LITERAL_CONVERSION = YES;
				CLANG_WARN_OBJC_ROOT_CLASS = YES_ERROR;
				CLANG_WARN_QUOTED_INCLUDE_IN_FRAMEWORK_HEADER = YES;
				CLANG_WARN_RANGE_LOOP_ANALYSIS = YES;
				CLANG_WARN_STRICT_PROTOTYPES = YES;
				CLANG_WARN_SUSPICIOUS_MOVE = YES;
				CLANG_WARN_UNGUARDED_AVAILABILITY = YES_AGGRESSIVE;
				CLANG_WARN_UNREACHABLE_CODE = YES;
				CLANG_WARN__DUPLICATE_METHOD_MATCH = YES;
				COPY_PHASE_STRIP = NO;
				DEBUG_INFORMATION_FORMAT = "dwarf-with-dsym";
				ENABLE_NS_ASSERTIONS = NO;
				ENABLE_STRICT_OBJC_MSGSEND = YES;
				ENABLE_USER_SCRIPT_SANDBOXING = YES;
				GCC_C_LANGUAGE_STANDARD = gnu17;
				GCC_NO_COMMON_BLOCKS = YES;
				GCC_WARN_64_TO_32_BIT_CONVERSION = YES;
				GCC_WARN_ABOUT_RETURN_TYPE = YES_ERROR;
				GCC_WARN_UNDECLARED_SELECTOR = YES;
				GCC_WARN_UNINITIALIZED_AUTOS = YES_AGGRESSIVE;
				GCC_WARN_UNUSED_FUNCTION = YES;
				GCC_WARN_UNUSED_VARIABLE = YES;
				IPHONEOS_DEPLOYMENT_TARGET = 17.4;
				LOCALIZATION_PREFERS_STRING_CATALOGS = YES;
				MTL_ENABLE_DEBUG_INFO = NO;
				MTL_FAST_MATH = YES;
				SDKROOT = iphoneos;
				SWIFT_COMPILATION_MODE = wholemodule;
				VALIDATE_PRODUCT = YES;
			};
			name = Release;
		};
		CBA4C1332C76A3390033BA20 /* Debug */ = {
			isa = XCBuildConfiguration;
			buildSettings = {
				ASSETCATALOG_COMPILER_APPICON_NAME = AppIcon;
				ASSETCATALOG_COMPILER_GLOBAL_ACCENT_COLOR_NAME = AccentColor;
				CODE_SIGN_STYLE = Automatic;
				CURRENT_PROJECT_VERSION = 1;
				DEVELOPMENT_ASSET_PATHS = "\"Team Manager/Preview Content\"";
				ENABLE_PREVIEWS = YES;
				GENERATE_INFOPLIST_FILE = YES;
				INFOPLIST_KEY_UIApplicationSceneManifest_Generation = YES;
				INFOPLIST_KEY_UIApplicationSupportsIndirectInputEvents = YES;
				INFOPLIST_KEY_UILaunchScreen_Generation = YES;
				INFOPLIST_KEY_UISupportedInterfaceOrientations_iPad = "UIInterfaceOrientationPortrait UIInterfaceOrientationPortraitUpsideDown UIInterfaceOrientationLandscapeLeft UIInterfaceOrientationLandscapeRight";
				INFOPLIST_KEY_UISupportedInterfaceOrientations_iPhone = "UIInterfaceOrientationPortrait UIInterfaceOrientationLandscapeLeft UIInterfaceOrientationLandscapeRight";
				LD_RUNPATH_SEARCH_PATHS = (
					"$(inherited)",
					"@executable_path/Frameworks",
				);
				MARKETING_VERSION = 1.0;
				PRODUCT_BUNDLE_IDENTIFIER = "com.GibsterGames.Team-Manager";
				PRODUCT_NAME = "$(TARGET_NAME)";
				SWIFT_EMIT_LOC_STRINGS = YES;
				SWIFT_VERSION = 5.0;
				TARGETED_DEVICE_FAMILY = "1,2";
			};
			name = Debug;
		};
		CBA4C1342C76A3390033BA20 /* Release */ = {
			isa = XCBuildConfiguration;
			buildSettings = {
				ASSETCATALOG_COMPILER_APPICON_NAME = AppIcon;
				ASSETCATALOG_COMPILER_GLOBAL_ACCENT_COLOR_NAME = AccentColor;
				CODE_SIGN_STYLE = Automatic;
				CURRENT_PROJECT_VERSION = 1;
				DEVELOPMENT_ASSET_PATHS = "\"Team Manager/Preview Content\"";
				ENABLE_PREVIEWS = YES;
				GENERATE_INFOPLIST_FILE = YES;
				INFOPLIST_KEY_UIApplicationSceneManifest_Generation = YES;
				INFOPLIST_KEY_UIApplicationSupportsIndirectInputEvents = YES;
				INFOPLIST_KEY_UILaunchScreen_Generation = YES;
				INFOPLIST_KEY_UISupportedInterfaceOrientations_iPad = "UIInterfaceOrientationPortrait UIInterfaceOrientationPortraitUpsideDown UIInterfaceOrientationLandscapeLeft UIInterfaceOrientationLandscapeRight";
				INFOPLIST_KEY_UISupportedInterfaceOrientations_iPhone = "UIInterfaceOrientationPortrait UIInterfaceOrientationLandscapeLeft UIInterfaceOrientationLandscapeRight";
				LD_RUNPATH_SEARCH_PATHS = (
					"$(inherited)",
					"@executable_path/Frameworks",
				);
				MARKETING_VERSION = 1.0;
				PRODUCT_BUNDLE_IDENTIFIER = "com.GibsterGames.Team-Manager";
				PRODUCT_NAME = "$(TARGET_NAME)";
				SWIFT_EMIT_LOC_STRINGS = YES;
				SWIFT_VERSION = 5.0;
				TARGETED_DEVICE_FAMILY = "1,2";
			};
			name = Release;
		};
		CBA4C1762C77E3920033BA20 /* Debug */ = {
			isa = XCBuildConfiguration;
			buildSettings = {
				BUNDLE_LOADER = "$(TEST_HOST)";
				CODE_SIGN_STYLE = Automatic;
				CURRENT_PROJECT_VERSION = 1;
				GENERATE_INFOPLIST_FILE = YES;
				MARKETING_VERSION = 1.0;
				PRODUCT_BUNDLE_IDENTIFIER = com.GibsterGames.playerTests;
				PRODUCT_NAME = "$(TARGET_NAME)";
				SWIFT_EMIT_LOC_STRINGS = NO;
				SWIFT_VERSION = 5.0;
				TARGETED_DEVICE_FAMILY = "1,2";
				TEST_HOST = "$(BUILT_PRODUCTS_DIR)/Team Manager.app/$(BUNDLE_EXECUTABLE_FOLDER_PATH)/Team Manager";
			};
			name = Debug;
		};
		CBA4C1772C77E3920033BA20 /* Release */ = {
			isa = XCBuildConfiguration;
			buildSettings = {
				BUNDLE_LOADER = "$(TEST_HOST)";
				CODE_SIGN_STYLE = Automatic;
				CURRENT_PROJECT_VERSION = 1;
				GENERATE_INFOPLIST_FILE = YES;
				MARKETING_VERSION = 1.0;
				PRODUCT_BUNDLE_IDENTIFIER = com.GibsterGames.playerTests;
				PRODUCT_NAME = "$(TARGET_NAME)";
				SWIFT_EMIT_LOC_STRINGS = NO;
				SWIFT_VERSION = 5.0;
				TARGETED_DEVICE_FAMILY = "1,2";
				TEST_HOST = "$(BUILT_PRODUCTS_DIR)/Team Manager.app/$(BUNDLE_EXECUTABLE_FOLDER_PATH)/Team Manager";
			};
			name = Release;
		};
/* End XCBuildConfiguration section */

/* Begin XCConfigurationList section */
		CBA4C11F2C76A3360033BA20 /* Build configuration list for PBXProject "Team Manager" */ = {
			isa = XCConfigurationList;
			buildConfigurations = (
				CBA4C1302C76A3390033BA20 /* Debug */,
				CBA4C1312C76A3390033BA20 /* Release */,
			);
			defaultConfigurationIsVisible = 0;
			defaultConfigurationName = Release;
		};
		CBA4C1322C76A3390033BA20 /* Build configuration list for PBXNativeTarget "Team Manager" */ = {
			isa = XCConfigurationList;
			buildConfigurations = (
				CBA4C1332C76A3390033BA20 /* Debug */,
				CBA4C1342C76A3390033BA20 /* Release */,
			);
			defaultConfigurationIsVisible = 0;
			defaultConfigurationName = Release;
		};
		CBA4C1752C77E3920033BA20 /* Build configuration list for PBXNativeTarget "playerTests" */ = {
			isa = XCConfigurationList;
			buildConfigurations = (
				CBA4C1762C77E3920033BA20 /* Debug */,
				CBA4C1772C77E3920033BA20 /* Release */,
			);
			defaultConfigurationIsVisible = 0;
			defaultConfigurationName = Release;
		};
/* End XCConfigurationList section */

/* Begin XCRemoteSwiftPackageReference section */
		CBA4C13C2C76A4280033BA20 /* XCRemoteSwiftPackageReference "firebase-ios-sdk" */ = {
			isa = XCRemoteSwiftPackageReference;
			repositoryURL = "https://github.com/firebase/firebase-ios-sdk";
			requirement = {
				kind = upToNextMajorVersion;
				minimumVersion = 11.1.0;
			};
		};
/* End XCRemoteSwiftPackageReference section */

/* Begin XCSwiftPackageProductDependency section */
		CBA4C13D2C76A4280033BA20 /* FirebaseAnalytics */ = {
			isa = XCSwiftPackageProductDependency;
			package = CBA4C13C2C76A4280033BA20 /* XCRemoteSwiftPackageReference "firebase-ios-sdk" */;
			productName = FirebaseAnalytics;
		};
		CBA4C13F2C76A4280033BA20 /* FirebaseAuth */ = {
			isa = XCSwiftPackageProductDependency;
			package = CBA4C13C2C76A4280033BA20 /* XCRemoteSwiftPackageReference "firebase-ios-sdk" */;
			productName = FirebaseAuth;
		};
		CBA4C15B2C7723DF0033BA20 /* FirebaseFirestore */ = {
			isa = XCSwiftPackageProductDependency;
			package = CBA4C13C2C76A4280033BA20 /* XCRemoteSwiftPackageReference "firebase-ios-sdk" */;
			productName = FirebaseFirestore;
		};
		CBBE7F422C7821570099A627 /* FirebaseStorage */ = {
			isa = XCSwiftPackageProductDependency;
			package = CBA4C13C2C76A4280033BA20 /* XCRemoteSwiftPackageReference "firebase-ios-sdk" */;
			productName = FirebaseStorage;
		};
/* End XCSwiftPackageProductDependency section */
	};
	rootObject = CBA4C11C2C76A3360033BA20 /* Project object */;
}
